
Microsoft Visual Studio Solution File, Format Version 12.00
# Visual Studio Version 17
VisualStudioVersion = 17.13.35825.156
MinimumVisualStudioVersion = 10.0.40219.1
Project("{FAE04EC0-301F-11D3-BF4B-00C04F79EFBC}") = "KitchenApp", "KitchenApp\KitchenApp.csproj", "{72BAA508-4879-4F17-8F4C-8C72375CDD51}"
EndProject
Project("{FAE04EC0-301F-11D3-BF4B-00C04F79EFBC}") = "ClassLibrary1", "ClassLibrary1\ClassLibrary1.csproj", "{B714E2CF-E4F8-4DCA-9E0B-E8B646537EB5}"
EndProject
Global
	GlobalSection(SolutionConfigurationPlatforms) = preSolution
		Debug|Any CPU = Debug|Any CPU
		Release|Any CPU = Release|Any CPU
	EndGlobalSection
	GlobalSection(ProjectConfigurationPlatforms) = postSolution
		{72BAA508-4879-4F17-8F4C-8C72375CDD51}.Debug|Any CPU.ActiveCfg = Debug|Any CPU
		{72BAA508-4879-4F17-8F4C-8C72375CDD51}.Debug|Any CPU.Build.0 = Debug|Any CPU
		{72BAA508-4879-4F17-8F4C-8C72375CDD51}.Release|Any CPU.ActiveCfg = Release|Any CPU
		{72BAA508-4879-4F17-8F4C-8C72375CDD51}.Release|Any CPU.Build.0 = Release|Any CPU
		{B714E2CF-E4F8-4DCA-9E0B-E8B646537EB5}.Debug|Any CPU.ActiveCfg = Debug|Any CPU
		{B714E2CF-E4F8-4DCA-9E0B-E8B646537EB5}.Debug|Any CPU.Build.0 = Debug|Any CPU
		{B714E2CF-E4F8-4DCA-9E0B-E8B646537EB5}.Release|Any CPU.ActiveCfg = Release|Any CPU
		{B714E2CF-E4F8-4DCA-9E0B-E8B646537EB5}.Release|Any CPU.Build.0 = Release|Any CPU
	EndGlobalSection
	GlobalSection(SolutionProperties) = preSolution
		HideSolutionNode = FALSE
	EndGlobalSection
	GlobalSection(ExtensibilityGlobals) = postSolution
		SolutionGuid = {FB740339-6FBC-4429-B055-138AD3A2FEDD}
	EndGlobalSection
EndGlobal
